
Microsoft Visual Studio Solution File, Format Version 12.00
# Visual Studio Version 16
VisualStudioVersion = 16.0.28627.84
MinimumVisualStudioVersion = 10.0.40219.1
Project("{FAE04EC0-301F-11D3-BF4B-00C04F79EFBC}") = "StackOverflowDataminer", "StackOverflowDataminer\StackOverflowDataminer.csproj", "{6E880F77-F04E-43D5-BE49-139EB83777C6}"
EndProject
Global
	GlobalSection(SolutionConfigurationPlatforms) = preSolution
		Debug|Any CPU = Debug|Any CPU
		Release|Any CPU = Release|Any CPU
	EndGlobalSection
	GlobalSection(ProjectConfigurationPlatforms) = postSolution
		{6E880F77-F04E-43D5-BE49-139EB83777C6}.Debug|Any CPU.ActiveCfg = Debug|Any CPU
		{6E880F77-F04E-43D5-BE49-139EB83777C6}.Debug|Any CPU.Build.0 = Debug|Any CPU
		{6E880F77-F04E-43D5-BE49-139EB83777C6}.Release|Any CPU.ActiveCfg = Release|Any CPU
		{6E880F77-F04E-43D5-BE49-139EB83777C6}.Release|Any CPU.Build.0 = Release|Any CPU
	EndGlobalSection
	GlobalSection(SolutionProperties) = preSolution
		HideSolutionNode = FALSE
	EndGlobalSection
	GlobalSection(ExtensibilityGlobals) = postSolution
		SolutionGuid = {39DE09AF-C1B5-4259-A659-EFC3CAE5050B}
	EndGlobalSection
EndGlobal
